
Microsoft Visual Studio Solution File, Format Version 12.00
# Visual Studio Version 17
VisualStudioVersion = 17.5.33516.290
MinimumVisualStudioVersion = 10.0.40219.1
Project("{FAE04EC0-301F-11D3-BF4B-00C04F79EFBC}") = "CakeStore.Web", "CakeStore.Web\CakeStore.Web.csproj", "{017B71B7-C6AD-43D7-BEDE-B51995D57C71}"
EndProject
Project("{FAE04EC0-301F-11D3-BF4B-00C04F79EFBC}") = "CakeStore.BL", "CakeStore.BL\CakeStore.BL.csproj", "{A36E9C56-4C9C-41F7-866D-D5334AEF923E}"
EndProject
Project("{FAE04EC0-301F-11D3-BF4B-00C04F79EFBC}") = "CakeStore.DL", "CakeStore.DL\CakeStore.DL.csproj", "{2209F16A-BB00-4B91-AC32-D16BCA666B23}"
EndProject
Project("{FAE04EC0-301F-11D3-BF4B-00C04F79EFBC}") = "CakeStore.Models", "CakeStore.Models\CakeStore.Models.csproj", "{DB8E82F9-11D7-48F3-8ABB-EA850E26B7CF}"
EndProject
Project("{FAE04EC0-301F-11D3-BF4B-00C04F79EFBC}") = "CakeStore.Test", "CakeStore.Test\CakeStore.Test.csproj", "{9B0D835A-2390-4F38-A3C5-E935A9054C28}"
EndProject
Global
	GlobalSection(SolutionConfigurationPlatforms) = preSolution
		Debug|Any CPU = Debug|Any CPU
		Release|Any CPU = Release|Any CPU
	EndGlobalSection
	GlobalSection(ProjectConfigurationPlatforms) = postSolution
		{017B71B7-C6AD-43D7-BEDE-B51995D57C71}.Debug|Any CPU.ActiveCfg = Debug|Any CPU
		{017B71B7-C6AD-43D7-BEDE-B51995D57C71}.Debug|Any CPU.Build.0 = Debug|Any CPU
		{017B71B7-C6AD-43D7-BEDE-B51995D57C71}.Release|Any CPU.ActiveCfg = Release|Any CPU
		{017B71B7-C6AD-43D7-BEDE-B51995D57C71}.Release|Any CPU.Build.0 = Release|Any CPU
		{A36E9C56-4C9C-41F7-866D-D5334AEF923E}.Debug|Any CPU.ActiveCfg = Debug|Any CPU
		{A36E9C56-4C9C-41F7-866D-D5334AEF923E}.Debug|Any CPU.Build.0 = Debug|Any CPU
		{A36E9C56-4C9C-41F7-866D-D5334AEF923E}.Release|Any CPU.ActiveCfg = Release|Any CPU
		{A36E9C56-4C9C-41F7-866D-D5334AEF923E}.Release|Any CPU.Build.0 = Release|Any CPU
		{2209F16A-BB00-4B91-AC32-D16BCA666B23}.Debug|Any CPU.ActiveCfg = Debug|Any CPU
		{2209F16A-BB00-4B91-AC32-D16BCA666B23}.Debug|Any CPU.Build.0 = Debug|Any CPU
		{2209F16A-BB00-4B91-AC32-D16BCA666B23}.Release|Any CPU.ActiveCfg = Release|Any CPU
		{2209F16A-BB00-4B91-AC32-D16BCA666B23}.Release|Any CPU.Build.0 = Release|Any CPU
		{DB8E82F9-11D7-48F3-8ABB-EA850E26B7CF}.Debug|Any CPU.ActiveCfg = Debug|Any CPU
		{DB8E82F9-11D7-48F3-8ABB-EA850E26B7CF}.Debug|Any CPU.Build.0 = Debug|Any CPU
		{DB8E82F9-11D7-48F3-8ABB-EA850E26B7CF}.Release|Any CPU.ActiveCfg = Release|Any CPU
		{DB8E82F9-11D7-48F3-8ABB-EA850E26B7CF}.Release|Any CPU.Build.0 = Release|Any CPU
		{9B0D835A-2390-4F38-A3C5-E935A9054C28}.Debug|Any CPU.ActiveCfg = Debug|Any CPU
		{9B0D835A-2390-4F38-A3C5-E935A9054C28}.Debug|Any CPU.Build.0 = Debug|Any CPU
		{9B0D835A-2390-4F38-A3C5-E935A9054C28}.Release|Any CPU.ActiveCfg = Release|Any CPU
		{9B0D835A-2390-4F38-A3C5-E935A9054C28}.Release|Any CPU.Build.0 = Release|Any CPU
	EndGlobalSection
	GlobalSection(SolutionProperties) = preSolution
		HideSolutionNode = FALSE
	EndGlobalSection
	GlobalSection(ExtensibilityGlobals) = postSolution
		SolutionGuid = {B9F2A684-B45C-4379-A52C-863E847C2445}
	EndGlobalSection
EndGlobal
